// !$*UTF8*$!
{
	archiveVersion = 1;
	classes = {
	};
	objectVersion = 56;
	objects = {

/* Begin PBXBuildFile section */
		6399AD972967EEC800E938B6 /* AppDelegate.swift in Sources */ = {isa = PBXBuildFile; fileRef = 6399AD962967EEC800E938B6 /* AppDelegate.swift */; };
		6399AD992967EEC800E938B6 /* SceneDelegate.swift in Sources */ = {isa = PBXBuildFile; fileRef = 6399AD982967EEC800E938B6 /* SceneDelegate.swift */; };
		6399ADA02967EEC900E938B6 /* Assets.xcassets in Resources */ = {isa = PBXBuildFile; fileRef = 6399AD9F2967EEC900E938B6 /* Assets.xcassets */; };
		6399ADA32967EEC900E938B6 /* LaunchScreen.storyboard in Resources */ = {isa = PBXBuildFile; fileRef = 6399ADA12967EEC900E938B6 /* LaunchScreen.storyboard */; };
		6399ADAC2967F31B00E938B6 /* RxCocoa in Frameworks */ = {isa = PBXBuildFile; productRef = 6399ADAB2967F31B00E938B6 /* RxCocoa */; };
		6399ADAE2967F31B00E938B6 /* RxRelay in Frameworks */ = {isa = PBXBuildFile; productRef = 6399ADAD2967F31B00E938B6 /* RxRelay */; };
		6399ADB02967F31B00E938B6 /* RxSwift in Frameworks */ = {isa = PBXBuildFile; productRef = 6399ADAF2967F31B00E938B6 /* RxSwift */; };
		6399ADB32967F33900E938B6 /* SnapKit in Frameworks */ = {isa = PBXBuildFile; productRef = 6399ADB22967F33900E938B6 /* SnapKit */; };
		6399ADB52967F63A00E938B6 /* MainViewController.swift in Sources */ = {isa = PBXBuildFile; fileRef = 6399ADB42967F63A00E938B6 /* MainViewController.swift */; };
		6399ADB92967F6ED00E938B6 /* MainViewModel.swift in Sources */ = {isa = PBXBuildFile; fileRef = 6399ADB82967F6ED00E938B6 /* MainViewModel.swift */; };
		6399ADBB2967FB2F00E938B6 /* TitleTextCell.swift in Sources */ = {isa = PBXBuildFile; fileRef = 6399ADBA2967FB2F00E938B6 /* TitleTextCell.swift */; };
		6399ADBE2967FB5600E938B6 /* TitleTextCellViewModel.swift in Sources */ = {isa = PBXBuildFile; fileRef = 6399ADBD2967FB5600E938B6 /* TitleTextCellViewModel.swift */; };
		6399ADC12967FF3B00E938B6 /* Category.swift in Sources */ = {isa = PBXBuildFile; fileRef = 6399ADC02967FF3B00E938B6 /* Category.swift */; };
		6399ADC32967FF9B00E938B6 /* CategoryViewModel.swift in Sources */ = {isa = PBXBuildFile; fileRef = 6399ADC22967FF9B00E938B6 /* CategoryViewModel.swift */; };
		6399ADC5296801C700E938B6 /* CategoryListViewContoller.swift in Sources */ = {isa = PBXBuildFile; fileRef = 6399ADC4296801C700E938B6 /* CategoryListViewContoller.swift */; };
		6399ADC82968048C00E938B6 /* PriceTextFieldCellViewModel.swift in Sources */ = {isa = PBXBuildFile; fileRef = 6399ADC72968048C00E938B6 /* PriceTextFieldCellViewModel.swift */; };
		6399ADCA296BCAA500E938B6 /* PriceTextFieldCell.swift in Sources */ = {isa = PBXBuildFile; fileRef = 6399ADC9296BCAA500E938B6 /* PriceTextFieldCell.swift */; };
		6399ADCD296BD03800E938B6 /* DetailWriteFormCell.swift in Sources */ = {isa = PBXBuildFile; fileRef = 6399ADCC296BD03800E938B6 /* DetailWriteFormCell.swift */; };
		6399ADCF296BD07A00E938B6 /* DetailWriteFormCellViewModel.swift in Sources */ = {isa = PBXBuildFile; fileRef = 6399ADCE296BD07A00E938B6 /* DetailWriteFormCellViewModel.swift */; };
		6399ADD1296BD76E00E938B6 /* MainModel.swift in Sources */ = {isa = PBXBuildFile; fileRef = 6399ADD0296BD76E00E938B6 /* MainModel.swift */; };
/* End PBXBuildFile section */

/* Begin PBXFileReference section */
		6399AD932967EEC800E938B6 /* SecondUpLoad.app */ = {isa = PBXFileReference; explicitFileType = wrapper.application; includeInIndex = 0; path = SecondUpLoad.app; sourceTree = BUILT_PRODUCTS_DIR; };
		6399AD962967EEC800E938B6 /* AppDelegate.swift */ = {isa = PBXFileReference; lastKnownFileType = sourcecode.swift; path = AppDelegate.swift; sourceTree = "<group>"; };
		6399AD982967EEC800E938B6 /* SceneDelegate.swift */ = {isa = PBXFileReference; lastKnownFileType = sourcecode.swift; path = SceneDelegate.swift; sourceTree = "<group>"; };
		6399AD9F2967EEC900E938B6 /* Assets.xcassets */ = {isa = PBXFileReference; lastKnownFileType = folder.assetcatalog; path = Assets.xcassets; sourceTree = "<group>"; };
		6399ADA22967EEC900E938B6 /* Base */ = {isa = PBXFileReference; lastKnownFileType = file.storyboard; name = Base; path = Base.lproj/LaunchScreen.storyboard; sourceTree = "<group>"; };
		6399ADA42967EEC900E938B6 /* Info.plist */ = {isa = PBXFileReference; lastKnownFileType = text.plist.xml; path = Info.plist; sourceTree = "<group>"; };
		6399ADB42967F63A00E938B6 /* MainViewController.swift */ = {isa = PBXFileReference; lastKnownFileType = sourcecode.swift; path = MainViewController.swift; sourceTree = "<group>"; };
		6399ADB82967F6ED00E938B6 /* MainViewModel.swift */ = {isa = PBXFileReference; lastKnownFileType = sourcecode.swift; path = MainViewModel.swift; sourceTree = "<group>"; };
		6399ADBA2967FB2F00E938B6 /* TitleTextCell.swift */ = {isa = PBXFileReference; lastKnownFileType = sourcecode.swift; path = TitleTextCell.swift; sourceTree = "<group>"; };
		6399ADBD2967FB5600E938B6 /* TitleTextCellViewModel.swift */ = {isa = PBXFileReference; lastKnownFileType = sourcecode.swift; path = TitleTextCellViewModel.swift; sourceTree = "<group>"; };
		6399ADC02967FF3B00E938B6 /* Category.swift */ = {isa = PBXFileReference; lastKnownFileType = sourcecode.swift; path = Category.swift; sourceTree = "<group>"; };
		6399ADC22967FF9B00E938B6 /* CategoryViewModel.swift */ = {isa = PBXFileReference; lastKnownFileType = sourcecode.swift; path = CategoryViewModel.swift; sourceTree = "<group>"; };
		6399ADC4296801C700E938B6 /* CategoryListViewContoller.swift */ = {isa = PBXFileReference; lastKnownFileType = sourcecode.swift; path = CategoryListViewContoller.swift; sourceTree = "<group>"; };
		6399ADC72968048C00E938B6 /* PriceTextFieldCellViewModel.swift */ = {isa = PBXFileReference; lastKnownFileType = sourcecode.swift; path = PriceTextFieldCellViewModel.swift; sourceTree = "<group>"; };
		6399ADC9296BCAA500E938B6 /* PriceTextFieldCell.swift */ = {isa = PBXFileReference; lastKnownFileType = sourcecode.swift; path = PriceTextFieldCell.swift; sourceTree = "<group>"; };
		6399ADCC296BD03800E938B6 /* DetailWriteFormCell.swift */ = {isa = PBXFileReference; lastKnownFileType = sourcecode.swift; path = DetailWriteFormCell.swift; sourceTree = "<group>"; };
		6399ADCE296BD07A00E938B6 /* DetailWriteFormCellViewModel.swift */ = {isa = PBXFileReference; lastKnownFileType = sourcecode.swift; path = DetailWriteFormCellViewModel.swift; sourceTree = "<group>"; };
		6399ADD0296BD76E00E938B6 /* MainModel.swift */ = {isa = PBXFileReference; lastKnownFileType = sourcecode.swift; path = MainModel.swift; sourceTree = "<group>"; };
/* End PBXFileReference section */

/* Begin PBXFrameworksBuildPhase section */
		6399AD902967EEC800E938B6 /* Frameworks */ = {
			isa = PBXFrameworksBuildPhase;
			buildActionMask = 2147483647;
			files = (
				6399ADB02967F31B00E938B6 /* RxSwift in Frameworks */,
				6399ADB32967F33900E938B6 /* SnapKit in Frameworks */,
				6399ADAE2967F31B00E938B6 /* RxRelay in Frameworks */,
				6399ADAC2967F31B00E938B6 /* RxCocoa in Frameworks */,
			);
			runOnlyForDeploymentPostprocessing = 0;
		};
/* End PBXFrameworksBuildPhase section */

/* Begin PBXGroup section */
		6399AD8A2967EEC700E938B6 = {
			isa = PBXGroup;
			children = (
				6399AD952967EEC800E938B6 /* SecondUpLoad */,
				6399AD942967EEC800E938B6 /* Products */,
			);
			sourceTree = "<group>";
		};
		6399AD942967EEC800E938B6 /* Products */ = {
			isa = PBXGroup;
			children = (
				6399AD932967EEC800E938B6 /* SecondUpLoad.app */,
			);
			name = Products;
			sourceTree = "<group>";
		};
		6399AD952967EEC800E938B6 /* SecondUpLoad */ = {
			isa = PBXGroup;
			children = (
				6399ADBF2967FF3000E938B6 /* Model   Category */,
				6399ADB62967F65000E938B6 /* MainView */,
				6399ADC62968045F00E938B6 /* PriceTextFieldCell */,
				6399ADCB296BD01400E938B6 /* DetailWriteForm */,
				6399ADB72967F65800E938B6 /* Delegate */,
			);
			path = SecondUpLoad;
			sourceTree = "<group>";
		};
		6399ADB62967F65000E938B6 /* MainView */ = {
			isa = PBXGroup;
			children = (
				6399ADB42967F63A00E938B6 /* MainViewController.swift */,
				6399ADB82967F6ED00E938B6 /* MainViewModel.swift */,
				6399ADBC2967FB3800E938B6 /* TitleCell */,
			);
			path = MainView;
			sourceTree = "<group>";
		};
		6399ADB72967F65800E938B6 /* Delegate */ = {
			isa = PBXGroup;
			children = (
				6399AD9F2967EEC900E938B6 /* Assets.xcassets */,
				6399ADA12967EEC900E938B6 /* LaunchScreen.storyboard */,
				6399ADA42967EEC900E938B6 /* Info.plist */,
				6399AD962967EEC800E938B6 /* AppDelegate.swift */,
				6399AD982967EEC800E938B6 /* SceneDelegate.swift */,
			);
			path = Delegate;
			sourceTree = "<group>";
		};
		6399ADBC2967FB3800E938B6 /* TitleCell */ = {
			isa = PBXGroup;
			children = (
				6399ADBA2967FB2F00E938B6 /* TitleTextCell.swift */,
				6399ADBD2967FB5600E938B6 /* TitleTextCellViewModel.swift */,
				6399ADD0296BD76E00E938B6 /* MainModel.swift */,
			);
			path = TitleCell;
			sourceTree = "<group>";
		};
		6399ADBF2967FF3000E938B6 /* Model   Category */ = {
			isa = PBXGroup;
			children = (
				6399ADC02967FF3B00E938B6 /* Category.swift */,
				6399ADC22967FF9B00E938B6 /* CategoryViewModel.swift */,
				6399ADC4296801C700E938B6 /* CategoryListViewContoller.swift */,
			);
			path = "Model   Category";
			sourceTree = "<group>";
		};
		6399ADC62968045F00E938B6 /* PriceTextFieldCell */ = {
			isa = PBXGroup;
			children = (
				6399ADC72968048C00E938B6 /* PriceTextFieldCellViewModel.swift */,
				6399ADC9296BCAA500E938B6 /* PriceTextFieldCell.swift */,
			);
			path = PriceTextFieldCell;
			sourceTree = "<group>";
		};
		6399ADCB296BD01400E938B6 /* DetailWriteForm */ = {
			isa = PBXGroup;
			children = (
				6399ADCC296BD03800E938B6 /* DetailWriteFormCell.swift */,
				6399ADCE296BD07A00E938B6 /* DetailWriteFormCellViewModel.swift */,
			);
			path = DetailWriteForm;
			sourceTree = "<group>";
		};
/* End PBXGroup section */

/* Begin PBXNativeTarget section */
		6399AD922967EEC800E938B6 /* SecondUpLoad */ = {
			isa = PBXNativeTarget;
			buildConfigurationList = 6399ADA72967EEC900E938B6 /* Build configuration list for PBXNativeTarget "SecondUpLoad" */;
			buildPhases = (
				6399AD8F2967EEC800E938B6 /* Sources */,
				6399AD902967EEC800E938B6 /* Frameworks */,
				6399AD912967EEC800E938B6 /* Resources */,
			);
			buildRules = (
			);
			dependencies = (
			);
			name = SecondUpLoad;
			packageProductDependencies = (
				6399ADAB2967F31B00E938B6 /* RxCocoa */,
				6399ADAD2967F31B00E938B6 /* RxRelay */,
				6399ADAF2967F31B00E938B6 /* RxSwift */,
				6399ADB22967F33900E938B6 /* SnapKit */,
			);
			productName = SecondUpLoad;
			productReference = 6399AD932967EEC800E938B6 /* SecondUpLoad.app */;
			productType = "com.apple.product-type.application";
		};
/* End PBXNativeTarget section */

/* Begin PBXProject section */
		6399AD8B2967EEC700E938B6 /* Project object */ = {
			isa = PBXProject;
			attributes = {
				BuildIndependentTargetsInParallel = 1;
				LastSwiftUpdateCheck = 1400;
				LastUpgradeCheck = 1400;
				TargetAttributes = {
					6399AD922967EEC800E938B6 = {
						CreatedOnToolsVersion = 14.0;
					};
				};
			};
			buildConfigurationList = 6399AD8E2967EEC700E938B6 /* Build configuration list for PBXProject "SecondUpLoad" */;
			compatibilityVersion = "Xcode 14.0";
			developmentRegion = en;
			hasScannedForEncodings = 0;
			knownRegions = (
				en,
				Base,
			);
			mainGroup = 6399AD8A2967EEC700E938B6;
			packageReferences = (
				6399ADAA2967F31B00E938B6 /* XCRemoteSwiftPackageReference "RxSwift" */,
				6399ADB12967F33800E938B6 /* XCRemoteSwiftPackageReference "SnapKit" */,
			);
			productRefGroup = 6399AD942967EEC800E938B6 /* Products */;
			projectDirPath = "";
			projectRoot = "";
			targets = (
				6399AD922967EEC800E938B6 /* SecondUpLoad */,
			);
		};
/* End PBXProject section */

/* Begin PBXResourcesBuildPhase section */
		6399AD912967EEC800E938B6 /* Resources */ = {
			isa = PBXResourcesBuildPhase;
			buildActionMask = 2147483647;
			files = (
				6399ADA32967EEC900E938B6 /* LaunchScreen.storyboard in Resources */,
				6399ADA02967EEC900E938B6 /* Assets.xcassets in Resources */,
			);
			runOnlyForDeploymentPostprocessing = 0;
		};
/* End PBXResourcesBuildPhase section */

/* Begin PBXSourcesBuildPhase section */
		6399AD8F2967EEC800E938B6 /* Sources */ = {
			isa = PBXSourcesBuildPhase;
			buildActionMask = 2147483647;
			files = (
				6399ADBB2967FB2F00E938B6 /* TitleTextCell.swift in Sources */,
				6399AD972967EEC800E938B6 /* AppDelegate.swift in Sources */,
				6399ADC82968048C00E938B6 /* PriceTextFieldCellViewModel.swift in Sources */,
				6399AD992967EEC800E938B6 /* SceneDelegate.swift in Sources */,
				6399ADB52967F63A00E938B6 /* MainViewController.swift in Sources */,
				6399ADC32967FF9B00E938B6 /* CategoryViewModel.swift in Sources */,
				6399ADCA296BCAA500E938B6 /* PriceTextFieldCell.swift in Sources */,
				6399ADCF296BD07A00E938B6 /* DetailWriteFormCellViewModel.swift in Sources */,
				6399ADBE2967FB5600E938B6 /* TitleTextCellViewModel.swift in Sources */,
				6399ADB92967F6ED00E938B6 /* MainViewModel.swift in Sources */,
				6399ADD1296BD76E00E938B6 /* MainModel.swift in Sources */,
				6399ADC5296801C700E938B6 /* CategoryListViewContoller.swift in Sources */,
				6399ADCD296BD03800E938B6 /* DetailWriteFormCell.swift in Sources */,
				6399ADC12967FF3B00E938B6 /* Category.swift in Sources */,
			);
			runOnlyForDeploymentPostprocessing = 0;
		};
/* End PBXSourcesBuildPhase section */

/* Begin PBXVariantGroup section */
		6399ADA12967EEC900E938B6 /* LaunchScreen.storyboard */ = {
			isa = PBXVariantGroup;
			children = (
				6399ADA22967EEC900E938B6 /* Base */,
			);
			name = LaunchScreen.storyboard;
			sourceTree = "<group>";
		};
/* End PBXVariantGroup section */

/* Begin XCBuildConfiguration section */
		6399ADA52967EEC900E938B6 /* Debug */ = {
			isa = XCBuildConfiguration;
			buildSettings = {
				ALWAYS_SEARCH_USER_PATHS = NO;
				CLANG_ANALYZER_NONNULL = YES;
				CLANG_ANALYZER_NUMBER_OBJECT_CONVERSION = YES_AGGRESSIVE;
				CLANG_CXX_LANGUAGE_STANDARD = "gnu++20";
				CLANG_ENABLE_MODULES = YES;
				CLANG_ENABLE_OBJC_ARC = YES;
				CLANG_ENABLE_OBJC_WEAK = YES;
				CLANG_WARN_BLOCK_CAPTURE_AUTORELEASING = YES;
				CLANG_WARN_BOOL_CONVERSION = YES;
				CLANG_WARN_COMMA = YES;
				CLANG_WARN_CONSTANT_CONVERSION = YES;
				CLANG_WARN_DEPRECATED_OBJC_IMPLEMENTATIONS = YES;
				CLANG_WARN_DIRECT_OBJC_ISA_USAGE = YES_ERROR;
				CLANG_WARN_DOCUMENTATION_COMMENTS = YES;
				CLANG_WARN_EMPTY_BODY = YES;
				CLANG_WARN_ENUM_CONVERSION = YES;
				CLANG_WARN_INFINITE_RECURSION = YES;
				CLANG_WARN_INT_CONVERSION = YES;
				CLANG_WARN_NON_LITERAL_NULL_CONVERSION = YES;
				CLANG_WARN_OBJC_IMPLICIT_RETAIN_SELF = YES;
				CLANG_WARN_OBJC_LITERAL_CONVERSION = YES;
				CLANG_WARN_OBJC_ROOT_CLASS = YES_ERROR;
				CLANG_WARN_QUOTED_INCLUDE_IN_FRAMEWORK_HEADER = YES;
				CLANG_WARN_RANGE_LOOP_ANALYSIS = YES;
				CLANG_WARN_STRICT_PROTOTYPES = YES;
				CLANG_WARN_SUSPICIOUS_MOVE = YES;
				CLANG_WARN_UNGUARDED_AVAILABILITY = YES_AGGRESSIVE;
				CLANG_WARN_UNREACHABLE_CODE = YES;
				CLANG_WARN__DUPLICATE_METHOD_MATCH = YES;
				COPY_PHASE_STRIP = NO;
				DEBUG_INFORMATION_FORMAT = dwarf;
				ENABLE_STRICT_OBJC_MSGSEND = YES;
				ENABLE_TESTABILITY = YES;
				GCC_C_LANGUAGE_STANDARD = gnu11;
				GCC_DYNAMIC_NO_PIC = NO;
				GCC_NO_COMMON_BLOCKS = YES;
				GCC_OPTIMIZATION_LEVEL = 0;
				GCC_PREPROCESSOR_DEFINITIONS = (
					"DEBUG=1",
					"$(inherited)",
				);
				GCC_WARN_64_TO_32_BIT_CONVERSION = YES;
				GCC_WARN_ABOUT_RETURN_TYPE = YES_ERROR;
				GCC_WARN_UNDECLARED_SELECTOR = YES;
				GCC_WARN_UNINITIALIZED_AUTOS = YES_AGGRESSIVE;
				GCC_WARN_UNUSED_FUNCTION = YES;
				GCC_WARN_UNUSED_VARIABLE = YES;
				IPHONEOS_DEPLOYMENT_TARGET = 16.0;
				MTL_ENABLE_DEBUG_INFO = INCLUDE_SOURCE;
				MTL_FAST_MATH = YES;
				ONLY_ACTIVE_ARCH = YES;
				SDKROOT = iphoneos;
				SWIFT_ACTIVE_COMPILATION_CONDITIONS = DEBUG;
				SWIFT_OPTIMIZATION_LEVEL = "-Onone";
			};
			name = Debug;
		};
		6399ADA62967EEC900E938B6 /* Release */ = {
			isa = XCBuildConfiguration;
			buildSettings = {
				ALWAYS_SEARCH_USER_PATHS = NO;
				CLANG_ANALYZER_NONNULL = YES;
				CLANG_ANALYZER_NUMBER_OBJECT_CONVERSION = YES_AGGRESSIVE;
				CLANG_CXX_LANGUAGE_STANDARD = "gnu++20";
				CLANG_ENABLE_MODULES = YES;
				CLANG_ENABLE_OBJC_ARC = YES;
				CLANG_ENABLE_OBJC_WEAK = YES;
				CLANG_WARN_BLOCK_CAPTURE_AUTORELEASING = YES;
				CLANG_WARN_BOOL_CONVERSION = YES;
				CLANG_WARN_COMMA = YES;
				CLANG_WARN_CONSTANT_CONVERSION = YES;
				CLANG_WARN_DEPRECATED_OBJC_IMPLEMENTATIONS = YES;
				CLANG_WARN_DIRECT_OBJC_ISA_USAGE = YES_ERROR;
				CLANG_WARN_DOCUMENTATION_COMMENTS = YES;
				CLANG_WARN_EMPTY_BODY = YES;
				CLANG_WARN_ENUM_CONVERSION = YES;
				CLANG_WARN_INFINITE_RECURSION = YES;
				CLANG_WARN_INT_CONVERSION = YES;
				CLANG_WARN_NON_LITERAL_NULL_CONVERSION = YES;
				CLANG_WARN_OBJC_IMPLICIT_RETAIN_SELF = YES;
				CLANG_WARN_OBJC_LITERAL_CONVERSION = YES;
				CLANG_WARN_OBJC_ROOT_CLASS = YES_ERROR;
				CLANG_WARN_QUOTED_INCLUDE_IN_FRAMEWORK_HEADER = YES;
				CLANG_WARN_RANGE_LOOP_ANALYSIS = YES;
				CLANG_WARN_STRICT_PROTOTYPES = YES;
				CLANG_WARN_SUSPICIOUS_MOVE = YES;
				CLANG_WARN_UNGUARDED_AVAILABILITY = YES_AGGRESSIVE;
				CLANG_WARN_UNREACHABLE_CODE = YES;
				CLANG_WARN__DUPLICATE_METHOD_MATCH = YES;
				COPY_PHASE_STRIP = NO;
				DEBUG_INFORMATION_FORMAT = "dwarf-with-dsym";
				ENABLE_NS_ASSERTIONS = NO;
				ENABLE_STRICT_OBJC_MSGSEND = YES;
				GCC_C_LANGUAGE_STANDARD = gnu11;
				GCC_NO_COMMON_BLOCKS = YES;
				GCC_WARN_64_TO_32_BIT_CONVERSION = YES;
				GCC_WARN_ABOUT_RETURN_TYPE = YES_ERROR;
				GCC_WARN_UNDECLARED_SELECTOR = YES;
				GCC_WARN_UNINITIALIZED_AUTOS = YES_AGGRESSIVE;
				GCC_WARN_UNUSED_FUNCTION = YES;
				GCC_WARN_UNUSED_VARIABLE = YES;
				IPHONEOS_DEPLOYMENT_TARGET = 16.0;
				MTL_ENABLE_DEBUG_INFO = NO;
				MTL_FAST_MATH = YES;
				SDKROOT = iphoneos;
				SWIFT_COMPILATION_MODE = wholemodule;
				SWIFT_OPTIMIZATION_LEVEL = "-O";
				VALIDATE_PRODUCT = YES;
			};
			name = Release;
		};
		6399ADA82967EEC900E938B6 /* Debug */ = {
			isa = XCBuildConfiguration;
			buildSettings = {
				ASSETCATALOG_COMPILER_APPICON_NAME = AppIcon;
				ASSETCATALOG_COMPILER_GLOBAL_ACCENT_COLOR_NAME = AccentColor;
				CODE_SIGN_STYLE = Automatic;
				CURRENT_PROJECT_VERSION = 1;
				GENERATE_INFOPLIST_FILE = YES;
				INFOPLIST_FILE = SecondUpLoad/Info.plist;
				INFOPLIST_KEY_UIApplicationSupportsIndirectInputEvents = YES;
				INFOPLIST_KEY_UILaunchStoryboardName = LaunchScreen;
				INFOPLIST_KEY_UISupportedInterfaceOrientations_iPad = "UIInterfaceOrientationPortrait UIInterfaceOrientationPortraitUpsideDown UIInterfaceOrientationLandscapeLeft UIInterfaceOrientationLandscapeRight";
				INFOPLIST_KEY_UISupportedInterfaceOrientations_iPhone = "UIInterfaceOrientationPortrait UIInterfaceOrientationLandscapeLeft UIInterfaceOrientationLandscapeRight";
				LD_RUNPATH_SEARCH_PATHS = (
					"$(inherited)",
					"@executable_path/Frameworks",
				);
				MARKETING_VERSION = 1.0;
				PRODUCT_BUNDLE_IDENTIFIER = kr.co.hemg2.SecondUpLoad;
				PRODUCT_NAME = "$(TARGET_NAME)";
				SWIFT_EMIT_LOC_STRINGS = YES;
				SWIFT_VERSION = 5.0;
				TARGETED_DEVICE_FAMILY = "1,2";
			};
			name = Debug;
		};
		6399ADA92967EEC900E938B6 /* Release */ = {
			isa = XCBuildConfiguration;
			buildSettings = {
				ASSETCATALOG_COMPILER_APPICON_NAME = AppIcon;
				ASSETCATALOG_COMPILER_GLOBAL_ACCENT_COLOR_NAME = AccentColor;
				CODE_SIGN_STYLE = Automatic;
				CURRENT_PROJECT_VERSION = 1;
				GENERATE_INFOPLIST_FILE = YES;
				INFOPLIST_FILE = SecondUpLoad/Info.plist;
				INFOPLIST_KEY_UIApplicationSupportsIndirectInputEvents = YES;
				INFOPLIST_KEY_UILaunchStoryboardName = LaunchScreen;
				INFOPLIST_KEY_UISupportedInterfaceOrientations_iPad = "UIInterfaceOrientationPortrait UIInterfaceOrientationPortraitUpsideDown UIInterfaceOrientationLandscapeLeft UIInterfaceOrientationLandscapeRight";
				INFOPLIST_KEY_UISupportedInterfaceOrientations_iPhone = "UIInterfaceOrientationPortrait UIInterfaceOrientationLandscapeLeft UIInterfaceOrientationLandscapeRight";
				LD_RUNPATH_SEARCH_PATHS = (
					"$(inherited)",
					"@executable_path/Frameworks",
				);
				MARKETING_VERSION = 1.0;
				PRODUCT_BUNDLE_IDENTIFIER = kr.co.hemg2.SecondUpLoad;
				PRODUCT_NAME = "$(TARGET_NAME)";
				SWIFT_EMIT_LOC_STRINGS = YES;
				SWIFT_VERSION = 5.0;
				TARGETED_DEVICE_FAMILY = "1,2";
			};
			name = Release;
		};
/* End XCBuildConfiguration section */

/* Begin XCConfigurationList section */
		6399AD8E2967EEC700E938B6 /* Build configuration list for PBXProject "SecondUpLoad" */ = {
			isa = XCConfigurationList;
			buildConfigurations = (
				6399ADA52967EEC900E938B6 /* Debug */,
				6399ADA62967EEC900E938B6 /* Release */,
			);
			defaultConfigurationIsVisible = 0;
			defaultConfigurationName = Release;
		};
		6399ADA72967EEC900E938B6 /* Build configuration list for PBXNativeTarget "SecondUpLoad" */ = {
			isa = XCConfigurationList;
			buildConfigurations = (
				6399ADA82967EEC900E938B6 /* Debug */,
				6399ADA92967EEC900E938B6 /* Release */,
			);
			defaultConfigurationIsVisible = 0;
			defaultConfigurationName = Release;
		};
/* End XCConfigurationList section */

/* Begin XCRemoteSwiftPackageReference section */
		6399ADAA2967F31B00E938B6 /* XCRemoteSwiftPackageReference "RxSwift" */ = {
			isa = XCRemoteSwiftPackageReference;
			repositoryURL = "https://github.com/ReactiveX/RxSwift.git";
			requirement = {
				kind = upToNextMajorVersion;
				minimumVersion = 6.0.0;
			};
		};
		6399ADB12967F33800E938B6 /* XCRemoteSwiftPackageReference "SnapKit" */ = {
			isa = XCRemoteSwiftPackageReference;
			repositoryURL = "https://github.com/SnapKit/SnapKit.git";
			requirement = {
				kind = upToNextMajorVersion;
				minimumVersion = 5.0.0;
			};
		};
/* End XCRemoteSwiftPackageReference section */

/* Begin XCSwiftPackageProductDependency section */
		6399ADAB2967F31B00E938B6 /* RxCocoa */ = {
			isa = XCSwiftPackageProductDependency;
			package = 6399ADAA2967F31B00E938B6 /* XCRemoteSwiftPackageReference "RxSwift" */;
			productName = RxCocoa;
		};
		6399ADAD2967F31B00E938B6 /* RxRelay */ = {
			isa = XCSwiftPackageProductDependency;
			package = 6399ADAA2967F31B00E938B6 /* XCRemoteSwiftPackageReference "RxSwift" */;
			productName = RxRelay;
		};
		6399ADAF2967F31B00E938B6 /* RxSwift */ = {
			isa = XCSwiftPackageProductDependency;
			package = 6399ADAA2967F31B00E938B6 /* XCRemoteSwiftPackageReference "RxSwift" */;
			productName = RxSwift;
		};
		6399ADB22967F33900E938B6 /* SnapKit */ = {
			isa = XCSwiftPackageProductDependency;
			package = 6399ADB12967F33800E938B6 /* XCRemoteSwiftPackageReference "SnapKit" */;
			productName = SnapKit;
		};
/* End XCSwiftPackageProductDependency section */
	};
	rootObject = 6399AD8B2967EEC700E938B6 /* Project object */;
}
